
Microsoft Visual Studio Solution File, Format Version 12.00
# Visual Studio Version 16
VisualStudioVersion = 16.0.29324.140
MinimumVisualStudioVersion = 10.0.40219.1
Project("{FAE04EC0-301F-11D3-BF4B-00C04F79EFBC}") = "SoftwareA", "SoftwareA\SoftwareA.csproj", "{7CF00D5F-86FF-444C-8FEA-2BAF5EAF29A8}"
EndProject
Project("{FAE04EC0-301F-11D3-BF4B-00C04F79EFBC}") = "DataAccessLayer", "DataAccessLayer\DataAccessLayer.csproj", "{3956123C-AA47-43CC-A092-F773E02F7466}"
EndProject
Project("{FAE04EC0-301F-11D3-BF4B-00C04F79EFBC}") = "BussLayer", "BussLayer\BussLayer.csproj", "{F7E5DB27-1ADD-405E-8891-A2B74EE7F772}"
EndProject
Global
	GlobalSection(SolutionConfigurationPlatforms) = preSolution
		Debug|Any CPU = Debug|Any CPU
		Release|Any CPU = Release|Any CPU
	EndGlobalSection
	GlobalSection(ProjectConfigurationPlatforms) = postSolution
		{7CF00D5F-86FF-444C-8FEA-2BAF5EAF29A8}.Debug|Any CPU.ActiveCfg = Debug|Any CPU
		{7CF00D5F-86FF-444C-8FEA-2BAF5EAF29A8}.Debug|Any CPU.Build.0 = Debug|Any CPU
		{7CF00D5F-86FF-444C-8FEA-2BAF5EAF29A8}.Release|Any CPU.ActiveCfg = Release|Any CPU
		{7CF00D5F-86FF-444C-8FEA-2BAF5EAF29A8}.Release|Any CPU.Build.0 = Release|Any CPU
		{3956123C-AA47-43CC-A092-F773E02F7466}.Debug|Any CPU.ActiveCfg = Debug|Any CPU
		{3956123C-AA47-43CC-A092-F773E02F7466}.Debug|Any CPU.Build.0 = Debug|Any CPU
		{3956123C-AA47-43CC-A092-F773E02F7466}.Release|Any CPU.ActiveCfg = Release|Any CPU
		{3956123C-AA47-43CC-A092-F773E02F7466}.Release|Any CPU.Build.0 = Release|Any CPU
		{F7E5DB27-1ADD-405E-8891-A2B74EE7F772}.Debug|Any CPU.ActiveCfg = Debug|Any CPU
		{F7E5DB27-1ADD-405E-8891-A2B74EE7F772}.Debug|Any CPU.Build.0 = Debug|Any CPU
		{F7E5DB27-1ADD-405E-8891-A2B74EE7F772}.Release|Any CPU.ActiveCfg = Release|Any CPU
		{F7E5DB27-1ADD-405E-8891-A2B74EE7F772}.Release|Any CPU.Build.0 = Release|Any CPU
	EndGlobalSection
	GlobalSection(SolutionProperties) = preSolution
		HideSolutionNode = FALSE
	EndGlobalSection
	GlobalSection(ExtensibilityGlobals) = postSolution
		SolutionGuid = {E6B186A5-ADC4-4005-8649-DEB5E1692355}
	EndGlobalSection
EndGlobal
